
Microsoft Visual Studio Solution File, Format Version 12.00
# Visual Studio Version 17
VisualStudioVersion = 17.4.33213.308
MinimumVisualStudioVersion = 10.0.40219.1
Project("{888888A0-9F3D-457C-B088-3A5042F75D52}") = "cartoon", "cartoon\cartoon.pyproj", "{71A647B9-8888-4950-8AE8-6C4205E06A2B}"
EndProject
Global
	GlobalSection(SolutionConfigurationPlatforms) = preSolution
		Debug|Any CPU = Debug|Any CPU
		Release|Any CPU = Release|Any CPU
	EndGlobalSection
	GlobalSection(ProjectConfigurationPlatforms) = postSolution
		{71A647B9-8888-4950-8AE8-6C4205E06A2B}.Debug|Any CPU.ActiveCfg = Debug|Any CPU
		{71A647B9-8888-4950-8AE8-6C4205E06A2B}.Release|Any CPU.ActiveCfg = Release|Any CPU
	EndGlobalSection
	GlobalSection(SolutionProperties) = preSolution
		HideSolutionNode = FALSE
	EndGlobalSection
	GlobalSection(ExtensibilityGlobals) = postSolution
		SolutionGuid = {500C2135-00CC-44B4-8397-87B5648CAA1F}
	EndGlobalSection
EndGlobal
